
Microsoft Visual Studio Solution File, Format Version 12.00
# Visual Studio Version 17
VisualStudioVersion = 17.6.33829.357
MinimumVisualStudioVersion = 10.0.40219.1
Project("{2150E333-8FDC-42A3-9474-1A3956D46DE8}") = "Microservices", "Microservices", "{9EA9B451-B445-4DA4-AF43-5FF6C4F052AB}"
EndProject
Project("{9A19103F-16F7-4668-BE54-9A1E7A4F7556}") = "UserWebApi", "UserWebApi\UserWebApi.csproj", "{F8BC3DB3-2C15-4FE0-93A5-C75A9813BF55}"
EndProject
Project("{9A19103F-16F7-4668-BE54-9A1E7A4F7556}") = "PermitApplicationWebApi", "PermitApplicationWebApi\PermitApplicationWebApi.csproj", "{86F5CBBC-B984-48E7-A706-D925F3B0B023}"
	ProjectSection(ProjectDependencies) = postProject
		{F8BC3DB3-2C15-4FE0-93A5-C75A9813BF55} = {F8BC3DB3-2C15-4FE0-93A5-C75A9813BF55}
	EndProjectSection
EndProject
Project("{2150E333-8FDC-42A3-9474-1A3956D46DE8}") = "src", "src", "{481272E7-5576-4662-BE09-F8A88A6E0D5F}"
EndProject
Project("{9A19103F-16F7-4668-BE54-9A1E7A4F7556}") = "SearchCampsitesApi", "SearchCampsitesApi\SearchCampsitesApi.csproj", "{CDE67801-5FE6-4C10-A5C2-BCCF6AA4B1AD}"
EndProject
Project("{9A19103F-16F7-4668-BE54-9A1E7A4F7556}") = "CampsiteDetailApi", "CampsiteDetailApi\CampsiteDetailApi.csproj", "{0F57B972-1DFD-451A-8D04-423152BBEE7D}"
EndProject
Project("{9A19103F-16F7-4668-BE54-9A1E7A4F7556}") = "FeedbackWebApi", "FeedbackWebApi\FeedbackWebApi.csproj", "{180BAE90-9775-4AF3-98E5-DB2DB184DEF8}"
	ProjectSection(ProjectDependencies) = postProject
		{F8BC3DB3-2C15-4FE0-93A5-C75A9813BF55} = {F8BC3DB3-2C15-4FE0-93A5-C75A9813BF55}
	EndProjectSection
EndProject
Project("{9A19103F-16F7-4668-BE54-9A1E7A4F7556}") = "ApproveAppApi", "ApproveAppApi\ApproveAppApi.csproj", "{39A0B6B8-8DA6-4F5B-A094-65F133FE9A79}"
	ProjectSection(ProjectDependencies) = postProject
		{86F5CBBC-B984-48E7-A706-D925F3B0B023} = {86F5CBBC-B984-48E7-A706-D925F3B0B023}
		{F8BC3DB3-2C15-4FE0-93A5-C75A9813BF55} = {F8BC3DB3-2C15-4FE0-93A5-C75A9813BF55}
	EndProjectSection
EndProject
Project("{9A19103F-16F7-4668-BE54-9A1E7A4F7556}") = "RatingsWebApi", "RatingsWebApi\RatingsWebApi.csproj", "{DA00727C-EB87-44C3-BF7A-432290ED7BE4}"
EndProject
Global
	GlobalSection(SolutionConfigurationPlatforms) = preSolution
		Debug|Any CPU = Debug|Any CPU
		Release|Any CPU = Release|Any CPU
	EndGlobalSection
	GlobalSection(ProjectConfigurationPlatforms) = postSolution
		{F8BC3DB3-2C15-4FE0-93A5-C75A9813BF55}.Debug|Any CPU.ActiveCfg = Debug|Any CPU
		{F8BC3DB3-2C15-4FE0-93A5-C75A9813BF55}.Debug|Any CPU.Build.0 = Debug|Any CPU
		{F8BC3DB3-2C15-4FE0-93A5-C75A9813BF55}.Release|Any CPU.ActiveCfg = Release|Any CPU
		{F8BC3DB3-2C15-4FE0-93A5-C75A9813BF55}.Release|Any CPU.Build.0 = Release|Any CPU
		{86F5CBBC-B984-48E7-A706-D925F3B0B023}.Debug|Any CPU.ActiveCfg = Debug|Any CPU
		{86F5CBBC-B984-48E7-A706-D925F3B0B023}.Debug|Any CPU.Build.0 = Debug|Any CPU
		{86F5CBBC-B984-48E7-A706-D925F3B0B023}.Release|Any CPU.ActiveCfg = Release|Any CPU
		{86F5CBBC-B984-48E7-A706-D925F3B0B023}.Release|Any CPU.Build.0 = Release|Any CPU
		{CDE67801-5FE6-4C10-A5C2-BCCF6AA4B1AD}.Debug|Any CPU.ActiveCfg = Debug|Any CPU
		{CDE67801-5FE6-4C10-A5C2-BCCF6AA4B1AD}.Debug|Any CPU.Build.0 = Debug|Any CPU
		{CDE67801-5FE6-4C10-A5C2-BCCF6AA4B1AD}.Release|Any CPU.ActiveCfg = Release|Any CPU
		{CDE67801-5FE6-4C10-A5C2-BCCF6AA4B1AD}.Release|Any CPU.Build.0 = Release|Any CPU
		{0F57B972-1DFD-451A-8D04-423152BBEE7D}.Debug|Any CPU.ActiveCfg = Debug|Any CPU
		{0F57B972-1DFD-451A-8D04-423152BBEE7D}.Debug|Any CPU.Build.0 = Debug|Any CPU
		{0F57B972-1DFD-451A-8D04-423152BBEE7D}.Release|Any CPU.ActiveCfg = Release|Any CPU
		{0F57B972-1DFD-451A-8D04-423152BBEE7D}.Release|Any CPU.Build.0 = Release|Any CPU
		{180BAE90-9775-4AF3-98E5-DB2DB184DEF8}.Debug|Any CPU.ActiveCfg = Debug|Any CPU
		{180BAE90-9775-4AF3-98E5-DB2DB184DEF8}.Debug|Any CPU.Build.0 = Debug|Any CPU
		{180BAE90-9775-4AF3-98E5-DB2DB184DEF8}.Release|Any CPU.ActiveCfg = Release|Any CPU
		{180BAE90-9775-4AF3-98E5-DB2DB184DEF8}.Release|Any CPU.Build.0 = Release|Any CPU
		{39A0B6B8-8DA6-4F5B-A094-65F133FE9A79}.Debug|Any CPU.ActiveCfg = Debug|Any CPU
		{39A0B6B8-8DA6-4F5B-A094-65F133FE9A79}.Debug|Any CPU.Build.0 = Debug|Any CPU
		{39A0B6B8-8DA6-4F5B-A094-65F133FE9A79}.Release|Any CPU.ActiveCfg = Release|Any CPU
		{39A0B6B8-8DA6-4F5B-A094-65F133FE9A79}.Release|Any CPU.Build.0 = Release|Any CPU
		{DA00727C-EB87-44C3-BF7A-432290ED7BE4}.Debug|Any CPU.ActiveCfg = Debug|Any CPU
		{DA00727C-EB87-44C3-BF7A-432290ED7BE4}.Debug|Any CPU.Build.0 = Debug|Any CPU
		{DA00727C-EB87-44C3-BF7A-432290ED7BE4}.Release|Any CPU.ActiveCfg = Release|Any CPU
		{DA00727C-EB87-44C3-BF7A-432290ED7BE4}.Release|Any CPU.Build.0 = Release|Any CPU
	EndGlobalSection
	GlobalSection(SolutionProperties) = preSolution
		HideSolutionNode = FALSE
	EndGlobalSection
	GlobalSection(NestedProjects) = preSolution
		{9EA9B451-B445-4DA4-AF43-5FF6C4F052AB} = {481272E7-5576-4662-BE09-F8A88A6E0D5F}
		{F8BC3DB3-2C15-4FE0-93A5-C75A9813BF55} = {9EA9B451-B445-4DA4-AF43-5FF6C4F052AB}
		{86F5CBBC-B984-48E7-A706-D925F3B0B023} = {9EA9B451-B445-4DA4-AF43-5FF6C4F052AB}
		{CDE67801-5FE6-4C10-A5C2-BCCF6AA4B1AD} = {9EA9B451-B445-4DA4-AF43-5FF6C4F052AB}
		{0F57B972-1DFD-451A-8D04-423152BBEE7D} = {9EA9B451-B445-4DA4-AF43-5FF6C4F052AB}
		{180BAE90-9775-4AF3-98E5-DB2DB184DEF8} = {9EA9B451-B445-4DA4-AF43-5FF6C4F052AB}
		{39A0B6B8-8DA6-4F5B-A094-65F133FE9A79} = {9EA9B451-B445-4DA4-AF43-5FF6C4F052AB}
		{DA00727C-EB87-44C3-BF7A-432290ED7BE4} = {9EA9B451-B445-4DA4-AF43-5FF6C4F052AB}
	EndGlobalSection
	GlobalSection(ExtensibilityGlobals) = postSolution
		SolutionGuid = {E566C961-7672-4FE6-93DD-F08BB574EE2D}
	EndGlobalSection
EndGlobal
